{
    "amphp/amp": {
        "version": "v2.5.2"
    },
    "amphp/byte-stream": {
        "version": "v1.8.0"
    },
    "composer/semver": {
        "version": "3.2.4"
    },
    "composer/xdebug-handler": {
        "version": "1.4.5"
    },
    "dnoegel/php-xdg-base-dir": {
        "version": "v0.1.1"
    },
    "felixfbecker/advanced-json-rpc": {
        "version": "v3.2.0"
    },
    "felixfbecker/language-server-protocol": {
        "version": "v1.5.0"
    },
    "myclabs/deep-copy": {
        "version": "1.10.2"
    },
    "netresearch/jsonmapper": {
        "version": "v2.1.0"
    },
    "openlss/lib-array2xml": {
        "version": "1.0.0"
    },
    "phar-io/manifest": {
        "version": "2.0.1"
    },
    "phar-io/version": {
        "version": "3.0.4"
    },
    "php": {
        "version": "8.0.2"
    },
    "phpspec/prophecy": {
        "version": "1.12.2"
    },
    "phpunit/php-code-coverage": {
        "version": "9.2.5"
    },
    "phpunit/php-file-iterator": {
        "version": "3.0.5"
    },
    "phpunit/php-invoker": {
        "version": "3.1.1"
    },
    "phpunit/php-text-template": {
        "version": "2.0.4"
    },
    "phpunit/php-timer": {
        "version": "5.0.3"
    },
    "phpunit/phpunit": {
        "version": "4.7",
        "recipe": {
            "repo": "github.com/symfony/recipes",
            "branch": "master",
            "version": "4.7",
            "ref": "477e1387616f39505ba79715f43f124836020d71"
        },
        "files": [
            ".env.test",
            "phpunit.xml.dist",
            "tests/bootstrap.php"
        ]
    },
    "sebastian/cli-parser": {
        "version": "1.0.1"
    },
    "sebastian/code-unit": {
        "version": "1.0.8"
    },
    "sebastian/code-unit-reverse-lookup": {
        "version": "2.0.3"
    },
    "sebastian/comparator": {
        "version": "4.0.6"
    },
    "sebastian/complexity": {
        "version": "2.0.2"
    },
    "sebastian/diff": {
        "version": "4.0.4"
    },
    "sebastian/environment": {
        "version": "5.1.3"
    },
    "sebastian/exporter": {
        "version": "4.0.3"
    },
    "sebastian/global-state": {
        "version": "5.0.2"
    },
    "sebastian/lines-of-code": {
        "version": "1.0.3"
    },
    "sebastian/object-enumerator": {
        "version": "4.0.4"
    },
    "sebastian/object-reflector": {
        "version": "2.0.4"
    },
    "sebastian/recursion-context": {
        "version": "4.0.4"
    },
    "sebastian/resource-operations": {
        "version": "3.0.3"
    },
    "sebastian/type": {
        "version": "2.3.1"
    },
    "sebastian/version": {
        "version": "3.0.2"
    },
    "squizlabs/php_codesniffer": {
        "version": "3.0",
        "recipe": {
            "repo": "github.com/symfony/recipes-contrib",
            "branch": "master",
            "version": "3.0",
            "ref": "0dc9cceda799fd3a08b96987e176a261028a3709"
        },
        "files": [
            "phpcs.xml.dist"
        ]
    },
    "symfony/flex": {
        "version": "1.0",
        "recipe": {
            "repo": "github.com/symfony/recipes",
            "branch": "master",
            "version": "1.0",
            "ref": "c0eeb50665f0f77226616b6038a9b06c03752d8e"
        },
        "files": [
            ".env"
        ]
    },
    "theseer/tokenizer": {
        "version": "1.2.0"
    },
    "vimeo/psalm": {
        "version": "4.6.1"
    },
    "webmozart/path-util": {
        "version": "2.3.0"
    }
}
